
Microsoft Visual Studio Solution File, Format Version 12.00
# Visual Studio 2013
VisualStudioVersion = 12.0.21005.1
MinimumVisualStudioVersion = 10.0.40219.1
Project("{FAE04EC0-301F-11D3-BF4B-00C04F79EFBC}") = "MessageMediaMessages.PCL", "MessageMediaMessages.PCL/MessageMediaMessages.PCL.csproj", "{8a833121-4cb1-4c69-824d-da6c238ca638}"
EndProject
Project("{FAE04EC0-301F-11D3-BF4B-00C04F79EFBC}") = "MessageMediaMessages.Tests", "MessageMediaMessages.Tests/MessageMediaMessages.Tests.csproj", "{6982352e-0e17-4d55-89ad-3bb702fa8cc3}"
EndProject
Global
    GlobalSection(SolutionConfigurationPlatforms) = preSolution
        Debug|Any CPU = Debug|Any CPU
        Release|Any CPU = Release|Any CPU
    EndGlobalSection
    GlobalSection(ProjectConfigurationPlatforms) = postSolution
        {8a833121-4cb1-4c69-824d-da6c238ca638}.Debug|Any CPU.ActiveCfg = Debug|Any CPU
        {8a833121-4cb1-4c69-824d-da6c238ca638}.Debug|Any CPU.Build.0 = Debug|Any CPU
        {8a833121-4cb1-4c69-824d-da6c238ca638}.Release|Any CPU.ActiveCfg = Release|Any CPU
        {8a833121-4cb1-4c69-824d-da6c238ca638}.Release|Any CPU.Build.0 = Release|Any CPU
        {6982352e-0e17-4d55-89ad-3bb702fa8cc3}.Debug|Any CPU.ActiveCfg = Debug|Any CPU
        {6982352e-0e17-4d55-89ad-3bb702fa8cc3}.Debug|Any CPU.Build.0 = Debug|Any CPU
        {6982352e-0e17-4d55-89ad-3bb702fa8cc3}.Release|Any CPU.ActiveCfg = Release|Any CPU
        {6982352e-0e17-4d55-89ad-3bb702fa8cc3}.Release|Any CPU.Build.0 = Release|Any CPU
    EndGlobalSection
    GlobalSection(SolutionProperties) = preSolution
        HideSolutionNode = FALSE
    EndGlobalSection
EndGlobal
