
Microsoft Visual Studio Solution File, Format Version 12.00
# Visual Studio 2013
VisualStudioVersion = 12.0.21005.1
MinimumVisualStudioVersion = 10.0.40219.1
Project("{FAE04EC0-301F-11D3-BF4B-00C04F79EFBC}") = "MessageMediaWebhooks.PCL", "MessageMediaWebhooks.PCL/MessageMediaWebhooks.PCL.csproj", "{f9e95bde-cc65-40b0-a972-523c6fc50530}"
EndProject
Project("{FAE04EC0-301F-11D3-BF4B-00C04F79EFBC}") = "MessageMediaWebhooks.Tests", "MessageMediaWebhooks.Tests/MessageMediaWebhooks.Tests.csproj", "{6aaa8dc5-c408-403e-85ef-b6fd718f2e43}"
EndProject
Global
    GlobalSection(SolutionConfigurationPlatforms) = preSolution
        Debug|Any CPU = Debug|Any CPU
        Release|Any CPU = Release|Any CPU
    EndGlobalSection
    GlobalSection(ProjectConfigurationPlatforms) = postSolution
        {f9e95bde-cc65-40b0-a972-523c6fc50530}.Debug|Any CPU.ActiveCfg = Debug|Any CPU
        {f9e95bde-cc65-40b0-a972-523c6fc50530}.Debug|Any CPU.Build.0 = Debug|Any CPU
        {f9e95bde-cc65-40b0-a972-523c6fc50530}.Release|Any CPU.ActiveCfg = Release|Any CPU
        {f9e95bde-cc65-40b0-a972-523c6fc50530}.Release|Any CPU.Build.0 = Release|Any CPU
        {6aaa8dc5-c408-403e-85ef-b6fd718f2e43}.Debug|Any CPU.ActiveCfg = Debug|Any CPU
        {6aaa8dc5-c408-403e-85ef-b6fd718f2e43}.Debug|Any CPU.Build.0 = Debug|Any CPU
        {6aaa8dc5-c408-403e-85ef-b6fd718f2e43}.Release|Any CPU.ActiveCfg = Release|Any CPU
        {6aaa8dc5-c408-403e-85ef-b6fd718f2e43}.Release|Any CPU.Build.0 = Release|Any CPU
    EndGlobalSection
    GlobalSection(SolutionProperties) = preSolution
        HideSolutionNode = FALSE
    EndGlobalSection
EndGlobal
