
Microsoft Visual Studio Solution File, Format Version 12.00
# Visual Studio 2013
VisualStudioVersion = 12.0.21005.1
MinimumVisualStudioVersion = 10.0.40219.1
Project("{FAE04EC0-301F-11D3-BF4B-00C04F79EFBC}") = "MessageMediaWebhooks.PCL", "MessageMediaWebhooks.PCL/MessageMediaWebhooks.PCL.csproj", "{4de9af1b-5be3-466e-be47-d8a1ce3730ee}"
EndProject
Project("{FAE04EC0-301F-11D3-BF4B-00C04F79EFBC}") = "MessageMediaWebhooks.Tests", "MessageMediaWebhooks.Tests/MessageMediaWebhooks.Tests.csproj", "{7e402bb5-96aa-4965-bb35-f6be4e97ce6e}"
EndProject
Global
    GlobalSection(SolutionConfigurationPlatforms) = preSolution
        Debug|Any CPU = Debug|Any CPU
        Release|Any CPU = Release|Any CPU
    EndGlobalSection
    GlobalSection(ProjectConfigurationPlatforms) = postSolution
        {4de9af1b-5be3-466e-be47-d8a1ce3730ee}.Debug|Any CPU.ActiveCfg = Debug|Any CPU
        {4de9af1b-5be3-466e-be47-d8a1ce3730ee}.Debug|Any CPU.Build.0 = Debug|Any CPU
        {4de9af1b-5be3-466e-be47-d8a1ce3730ee}.Release|Any CPU.ActiveCfg = Release|Any CPU
        {4de9af1b-5be3-466e-be47-d8a1ce3730ee}.Release|Any CPU.Build.0 = Release|Any CPU
        {7e402bb5-96aa-4965-bb35-f6be4e97ce6e}.Debug|Any CPU.ActiveCfg = Debug|Any CPU
        {7e402bb5-96aa-4965-bb35-f6be4e97ce6e}.Debug|Any CPU.Build.0 = Debug|Any CPU
        {7e402bb5-96aa-4965-bb35-f6be4e97ce6e}.Release|Any CPU.ActiveCfg = Release|Any CPU
        {7e402bb5-96aa-4965-bb35-f6be4e97ce6e}.Release|Any CPU.Build.0 = Release|Any CPU
    EndGlobalSection
    GlobalSection(SolutionProperties) = preSolution
        HideSolutionNode = FALSE
    EndGlobalSection
EndGlobal
